// !$*UTF8*$!
{
	archiveVersion = 1;
	classes = {
	};
	objectVersion = 77;
	objects = {

/* Begin PBXBuildFile section */
		F339FAAA2E54842A00F2CECC /* ToDoMaintenanceRow.swift in Sources */ = {isa = PBXBuildFile; fileRef = F339FAA92E54842A00F2CECC /* ToDoMaintenanceRow.swift */; };
		F339FB232E54D06C00F2CECC /* MaintenanceDetailsView.swift in Sources */ = {isa = PBXBuildFile; fileRef = F339FB222E54D06C00F2CECC /* MaintenanceDetailsView.swift */; };
		F339FB272E54D63B00F2CECC /* DaysIndicatorView.swift in Sources */ = {isa = PBXBuildFile; fileRef = F339FB262E54D63B00F2CECC /* DaysIndicatorView.swift */; };
		F37D82572E5F552400F92A50 /* Info.plist in Resources */ = {isa = PBXBuildFile; fileRef = F37D82562E5F552400F92A50 /* Info.plist */; };
		F37D82832E5F601800F92A50 /* CustomTextField.swift in Sources */ = {isa = PBXBuildFile; fileRef = F37D82822E5F601800F92A50 /* CustomTextField.swift */; };
		F37D82852E5F80ED00F92A50 /* PrimaryButton.swift in Sources */ = {isa = PBXBuildFile; fileRef = F37D82842E5F80ED00F92A50 /* PrimaryButton.swift */; };
		F3823AE92E5C635E00B9331B /* SettingsView.swift in Sources */ = {isa = PBXBuildFile; fileRef = F3823AE82E5C635E00B9331B /* SettingsView.swift */; };
		F3823AEC2E5C680F00B9331B /* NotificationIntroView.swift in Sources */ = {isa = PBXBuildFile; fileRef = F3823AEB2E5C680F00B9331B /* NotificationIntroView.swift */; };
		F3823AEE2E5C69BF00B9331B /* NotificationManager.swift in Sources */ = {isa = PBXBuildFile; fileRef = F3823AED2E5C69BF00B9331B /* NotificationManager.swift */; };
		F3823AF32E5C8DA600B9331B /* LegalView.swift in Sources */ = {isa = PBXBuildFile; fileRef = F3823AF22E5C8DA600B9331B /* LegalView.swift */; };
		F3823AF52E5C9AB700B9331B /* NotificationViewModel.swift in Sources */ = {isa = PBXBuildFile; fileRef = F3823AF42E5C9AB700B9331B /* NotificationViewModel.swift */; };
		F3823AF72E5C9E4400B9331B /* AppError.swift in Sources */ = {isa = PBXBuildFile; fileRef = F3823AF62E5C9E4400B9331B /* AppError.swift */; };
		F3877CE82E672CF900CEECA9 /* MaintenanceDetailsVM.swift in Sources */ = {isa = PBXBuildFile; fileRef = F3877CE72E672CF900CEECA9 /* MaintenanceDetailsVM.swift */; };
		F3B77C942E50714E00548F2D /* MaintenanceStatus.swift in Sources */ = {isa = PBXBuildFile; fileRef = F3B77C932E50714E00548F2D /* MaintenanceStatus.swift */; };
		F3B77C962E5080D000548F2D /* AddMaintenanceView.swift in Sources */ = {isa = PBXBuildFile; fileRef = F3B77C952E5080D000548F2D /* AddMaintenanceView.swift */; };
		F3B77CA62E50DF9300548F2D /* BikeModificationsView.swift in Sources */ = {isa = PBXBuildFile; fileRef = F3B77CA52E50DF9300548F2D /* BikeModificationsView.swift */; };
		F3BDB2E82E55EFDE0041F142 /* BikeVM.swift in Sources */ = {isa = PBXBuildFile; fileRef = F3BDB2E72E55EFDE0041F142 /* BikeVM.swift */; };
		F3BDB2EA2E55F0840041F142 /* MaintenanceVM.swift in Sources */ = {isa = PBXBuildFile; fileRef = F3BDB2E92E55F0840041F142 /* MaintenanceVM.swift */; };
		F3BDB2EF2E5603120041F142 /* Brand.swift in Sources */ = {isa = PBXBuildFile; fileRef = F3BDB2EE2E5603120041F142 /* Brand.swift */; };
		F3BDB2F12E56033C0041F142 /* MaintenanceType.swift in Sources */ = {isa = PBXBuildFile; fileRef = F3BDB2F02E56033C0041F142 /* MaintenanceType.swift */; };
		F3BDB2F32E56035B0041F142 /* BikeType.swift in Sources */ = {isa = PBXBuildFile; fileRef = F3BDB2F22E56035B0041F142 /* BikeType.swift */; };
		F3BFC99E2E33810900043AB8 /* Assets.xcassets in Resources */ = {isa = PBXBuildFile; fileRef = F3BFC9952E33810900043AB8 /* Assets.xcassets */; };
		F3BFC9A02E33810900043AB8 /* Maintenance.swift in Sources */ = {isa = PBXBuildFile; fileRef = F3BFC9692E33810900043AB8 /* Maintenance.swift */; };
		F3BFC9A22E33810900043AB8 /* Bike.swift in Sources */ = {isa = PBXBuildFile; fileRef = F3BFC96B2E33810900043AB8 /* Bike.swift */; };
		F3BFC9A32E33810900043AB8 /* CarCare.xcdatamodeld in Sources */ = {isa = PBXBuildFile; fileRef = F3BFC96D2E33810900043AB8 /* CarCare.xcdatamodeld */; };
		F3BFC9A42E33810900043AB8 /* CoreDataHelpers.swift in Sources */ = {isa = PBXBuildFile; fileRef = F3BFC96E2E33810900043AB8 /* CoreDataHelpers.swift */; };
		F3BFC9A52E33810900043AB8 /* CoreDataLocalStore.swift in Sources */ = {isa = PBXBuildFile; fileRef = F3BFC96F2E33810900043AB8 /* CoreDataLocalStore.swift */; };
		F3BFC9A62E33810900043AB8 /* CoreDataLocalStore+MaintenanceStore.swift in Sources */ = {isa = PBXBuildFile; fileRef = F3BFC9702E33810900043AB8 /* CoreDataLocalStore+MaintenanceStore.swift */; };
		F3BFC9A82E33810900043AB8 /* CoreDataLocalStore+BikeStore.swift in Sources */ = {isa = PBXBuildFile; fileRef = F3BFC9722E33810900043AB8 /* CoreDataLocalStore+BikeStore.swift */; };
		F3BFC9A92E33810900043AB8 /* ManagedMaintenance.swift in Sources */ = {isa = PBXBuildFile; fileRef = F3BFC9732E33810900043AB8 /* ManagedMaintenance.swift */; };
		F3BFC9AB2E33810900043AB8 /* ManagedBike.swift in Sources */ = {isa = PBXBuildFile; fileRef = F3BFC9752E33810900043AB8 /* ManagedBike.swift */; };
		F3BFC9AC2E33810900043AB8 /* LocalMaintenance.swift in Sources */ = {isa = PBXBuildFile; fileRef = F3BFC9782E33810900043AB8 /* LocalMaintenance.swift */; };
		F3BFC9AD2E33810900043AB8 /* LocalMaintenanceLoader.swift in Sources */ = {isa = PBXBuildFile; fileRef = F3BFC9792E33810900043AB8 /* LocalMaintenanceLoader.swift */; };
		F3BFC9B02E33810900043AB8 /* LocalBike.swift in Sources */ = {isa = PBXBuildFile; fileRef = F3BFC97C2E33810900043AB8 /* LocalBike.swift */; };
		F3BFC9B12E33810900043AB8 /* LocalBikeLoader.swift in Sources */ = {isa = PBXBuildFile; fileRef = F3BFC97D2E33810900043AB8 /* LocalBikeLoader.swift */; };
		F3BFC9B22E33810900043AB8 /* MaintenanceStore.swift in Sources */ = {isa = PBXBuildFile; fileRef = F3BFC97E2E33810900043AB8 /* MaintenanceStore.swift */; };
		F3BFC9B42E33810900043AB8 /* BikeStore.swift in Sources */ = {isa = PBXBuildFile; fileRef = F3BFC9802E33810900043AB8 /* BikeStore.swift */; };
		F3BFC9B52E33810900043AB8 /* DashboardView.swift in Sources */ = {isa = PBXBuildFile; fileRef = F3BFC9842E33810900043AB8 /* DashboardView.swift */; };
		F3BFC9B82E33810900043AB8 /* MaintenanceView.swift in Sources */ = {isa = PBXBuildFile; fileRef = F3BFC9892E33810900043AB8 /* MaintenanceView.swift */; };
		F3BFC9BA2E33810900043AB8 /* RegistrationView.swift in Sources */ = {isa = PBXBuildFile; fileRef = F3BFC98D2E33810900043AB8 /* RegistrationView.swift */; };
		F3BFC9BE2E33810900043AB8 /* AppState.swift in Sources */ = {isa = PBXBuildFile; fileRef = F3BFC9942E33810900043AB8 /* AppState.swift */; };
		F3BFC9BF2E33810900043AB8 /* CarCareApp.swift in Sources */ = {isa = PBXBuildFile; fileRef = F3BFC9962E33810900043AB8 /* CarCareApp.swift */; };
		F3BFC9C02E33810900043AB8 /* ContentView.swift in Sources */ = {isa = PBXBuildFile; fileRef = F3BFC9972E33810900043AB8 /* ContentView.swift */; };
		F3BFC9C12E33810900043AB8 /* DependencyContainer.swift in Sources */ = {isa = PBXBuildFile; fileRef = F3BFC9982E33810900043AB8 /* DependencyContainer.swift */; };
		F3BFC9C32E33810900043AB8 /* NullStore.swift in Sources */ = {isa = PBXBuildFile; fileRef = F3BFC99A2E33810900043AB8 /* NullStore.swift */; };
		F3BFC9C42E33810900043AB8 /* BikeStore.swift in Sources */ = {isa = PBXBuildFile; fileRef = F3BFC9802E33810900043AB8 /* BikeStore.swift */; };
		F3BFC9C72E33810900043AB8 /* LocalMaintenance.swift in Sources */ = {isa = PBXBuildFile; fileRef = F3BFC9782E33810900043AB8 /* LocalMaintenance.swift */; };
		F3BFC9C82E33810900043AB8 /* ManagedMaintenance.swift in Sources */ = {isa = PBXBuildFile; fileRef = F3BFC9732E33810900043AB8 /* ManagedMaintenance.swift */; };
		F3BFC9CA2E33810900043AB8 /* ManagedBike.swift in Sources */ = {isa = PBXBuildFile; fileRef = F3BFC9752E33810900043AB8 /* ManagedBike.swift */; };
		F3BFC9CC2E33810900043AB8 /* MaintenanceStore.swift in Sources */ = {isa = PBXBuildFile; fileRef = F3BFC97E2E33810900043AB8 /* MaintenanceStore.swift */; };
		F3BFC9CD2E33810900043AB8 /* LocalMaintenanceLoader.swift in Sources */ = {isa = PBXBuildFile; fileRef = F3BFC9792E33810900043AB8 /* LocalMaintenanceLoader.swift */; };
		F3BFC9CE2E33810900043AB8 /* LocalBike.swift in Sources */ = {isa = PBXBuildFile; fileRef = F3BFC97C2E33810900043AB8 /* LocalBike.swift */; };
		F3BFC9CF2E33810900043AB8 /* CoreDataHelpers.swift in Sources */ = {isa = PBXBuildFile; fileRef = F3BFC96E2E33810900043AB8 /* CoreDataHelpers.swift */; };
		F3BFC9D02E33810900043AB8 /* LocalBikeLoader.swift in Sources */ = {isa = PBXBuildFile; fileRef = F3BFC97D2E33810900043AB8 /* LocalBikeLoader.swift */; };
		F3BFC9D22E33810900043AB8 /* CarCare.xcdatamodeld in Sources */ = {isa = PBXBuildFile; fileRef = F3BFC96D2E33810900043AB8 /* CarCare.xcdatamodeld */; };
		F3BFC9D32E33810900043AB8 /* CoreDataLocalStore+MaintenanceStore.swift in Sources */ = {isa = PBXBuildFile; fileRef = F3BFC9702E33810900043AB8 /* CoreDataLocalStore+MaintenanceStore.swift */; };
		F3BFC9D42E33810900043AB8 /* CoreDataLocalStore+BikeStore.swift in Sources */ = {isa = PBXBuildFile; fileRef = F3BFC9722E33810900043AB8 /* CoreDataLocalStore+BikeStore.swift */; };
		F3BFC9D52E33810900043AB8 /* CoreDataLocalStore.swift in Sources */ = {isa = PBXBuildFile; fileRef = F3BFC96F2E33810900043AB8 /* CoreDataLocalStore.swift */; };
		F3D7FC962E6332FE0042A29A /* DoneMaintenanceRow.swift in Sources */ = {isa = PBXBuildFile; fileRef = F3D7FC952E6332FE0042A29A /* DoneMaintenanceRow.swift */; };
		F3D7FC9C2E633FE30042A29A /* DashboardVM.swift in Sources */ = {isa = PBXBuildFile; fileRef = F3D7FC9B2E633FE30042A29A /* DashboardVM.swift */; };
		F3D7FC9E2E6342E40042A29A /* AddMaintenanceVM.swift in Sources */ = {isa = PBXBuildFile; fileRef = F3D7FC9D2E6342E40042A29A /* AddMaintenanceVM.swift */; };
		F3D7FCA02E6344250042A29A /* MaintenanceViewVM.swift in Sources */ = {isa = PBXBuildFile; fileRef = F3D7FC9F2E6344250042A29A /* MaintenanceViewVM.swift */; };
		F3E8DDF72E6B35410056C714 /* Localizable.strings in Resources */ = {isa = PBXBuildFile; fileRef = F3E8DDF52E6B35410056C714 /* Localizable.strings */; };
		F3E8DDF82E6B35410056C714 /* Localizable.strings in Resources */ = {isa = PBXBuildFile; fileRef = F3E8DDF52E6B35410056C714 /* Localizable.strings */; };
		F3E8DDFE2E6B36280056C714 /* Localizable.strings in Resources */ = {isa = PBXBuildFile; fileRef = F3E8DDFC2E6B36280056C714 /* Localizable.strings */; };
		F3E8DE012E6B36320056C714 /* Localizable.strings in Resources */ = {isa = PBXBuildFile; fileRef = F3E8DDFF2E6B36320056C714 /* Localizable.strings */; };
		F3E8DE022E6B36320056C714 /* Localizable.strings in Resources */ = {isa = PBXBuildFile; fileRef = F3E8DDFF2E6B36320056C714 /* Localizable.strings */; };
/* End PBXBuildFile section */

/* Begin PBXContainerItemProxy section */
		F31F73E92E26585B00334333 /* PBXContainerItemProxy */ = {
			isa = PBXContainerItemProxy;
			containerPortal = F31F73D32E26585A00334333 /* Project object */;
			proxyType = 1;
			remoteGlobalIDString = F31F73DA2E26585A00334333;
			remoteInfo = CarCare;
		};
/* End PBXContainerItemProxy section */

/* Begin PBXFileReference section */
		F31F73DB2E26585A00334333 /* CarCare.app */ = {isa = PBXFileReference; explicitFileType = wrapper.application; includeInIndex = 0; path = CarCare.app; sourceTree = BUILT_PRODUCTS_DIR; };
		F31F73E82E26585B00334333 /* CarCareTests.xctest */ = {isa = PBXFileReference; explicitFileType = wrapper.cfbundle; includeInIndex = 0; path = CarCareTests.xctest; sourceTree = BUILT_PRODUCTS_DIR; };
		F339FAA92E54842A00F2CECC /* ToDoMaintenanceRow.swift */ = {isa = PBXFileReference; lastKnownFileType = sourcecode.swift; path = ToDoMaintenanceRow.swift; sourceTree = "<group>"; };
		F339FB222E54D06C00F2CECC /* MaintenanceDetailsView.swift */ = {isa = PBXFileReference; lastKnownFileType = sourcecode.swift; path = MaintenanceDetailsView.swift; sourceTree = "<group>"; };
		F339FB262E54D63B00F2CECC /* DaysIndicatorView.swift */ = {isa = PBXFileReference; lastKnownFileType = sourcecode.swift; path = DaysIndicatorView.swift; sourceTree = "<group>"; };
		F37D82562E5F552400F92A50 /* Info.plist */ = {isa = PBXFileReference; lastKnownFileType = text.plist.xml; path = Info.plist; sourceTree = "<group>"; };
		F37D82822E5F601800F92A50 /* CustomTextField.swift */ = {isa = PBXFileReference; lastKnownFileType = sourcecode.swift; path = CustomTextField.swift; sourceTree = "<group>"; };
		F37D82842E5F80ED00F92A50 /* PrimaryButton.swift */ = {isa = PBXFileReference; lastKnownFileType = sourcecode.swift; path = PrimaryButton.swift; sourceTree = "<group>"; };
		F3823AE82E5C635E00B9331B /* SettingsView.swift */ = {isa = PBXFileReference; lastKnownFileType = sourcecode.swift; path = SettingsView.swift; sourceTree = "<group>"; };
		F3823AEB2E5C680F00B9331B /* NotificationIntroView.swift */ = {isa = PBXFileReference; lastKnownFileType = sourcecode.swift; path = NotificationIntroView.swift; sourceTree = "<group>"; };
		F3823AED2E5C69BF00B9331B /* NotificationManager.swift */ = {isa = PBXFileReference; lastKnownFileType = sourcecode.swift; path = NotificationManager.swift; sourceTree = "<group>"; };
		F3823AF22E5C8DA600B9331B /* LegalView.swift */ = {isa = PBXFileReference; lastKnownFileType = sourcecode.swift; path = LegalView.swift; sourceTree = "<group>"; };
		F3823AF42E5C9AB700B9331B /* NotificationViewModel.swift */ = {isa = PBXFileReference; lastKnownFileType = sourcecode.swift; path = NotificationViewModel.swift; sourceTree = "<group>"; };
		F3823AF62E5C9E4400B9331B /* AppError.swift */ = {isa = PBXFileReference; lastKnownFileType = sourcecode.swift; path = AppError.swift; sourceTree = "<group>"; };
		F3877CE72E672CF900CEECA9 /* MaintenanceDetailsVM.swift */ = {isa = PBXFileReference; lastKnownFileType = sourcecode.swift; path = MaintenanceDetailsVM.swift; sourceTree = "<group>"; };
		F3B77C932E50714E00548F2D /* MaintenanceStatus.swift */ = {isa = PBXFileReference; lastKnownFileType = sourcecode.swift; path = MaintenanceStatus.swift; sourceTree = "<group>"; };
		F3B77C952E5080D000548F2D /* AddMaintenanceView.swift */ = {isa = PBXFileReference; lastKnownFileType = sourcecode.swift; path = AddMaintenanceView.swift; sourceTree = "<group>"; };
		F3B77CA52E50DF9300548F2D /* BikeModificationsView.swift */ = {isa = PBXFileReference; lastKnownFileType = sourcecode.swift; path = BikeModificationsView.swift; sourceTree = "<group>"; };
		F3BDB2E72E55EFDE0041F142 /* BikeVM.swift */ = {isa = PBXFileReference; lastKnownFileType = sourcecode.swift; path = BikeVM.swift; sourceTree = "<group>"; };
		F3BDB2E92E55F0840041F142 /* MaintenanceVM.swift */ = {isa = PBXFileReference; lastKnownFileType = sourcecode.swift; path = MaintenanceVM.swift; sourceTree = "<group>"; };
		F3BDB2EE2E5603120041F142 /* Brand.swift */ = {isa = PBXFileReference; lastKnownFileType = sourcecode.swift; path = Brand.swift; sourceTree = "<group>"; };
		F3BDB2F02E56033C0041F142 /* MaintenanceType.swift */ = {isa = PBXFileReference; lastKnownFileType = sourcecode.swift; path = MaintenanceType.swift; sourceTree = "<group>"; };
		F3BDB2F22E56035B0041F142 /* BikeType.swift */ = {isa = PBXFileReference; lastKnownFileType = sourcecode.swift; path = BikeType.swift; sourceTree = "<group>"; };
		F3BFC9692E33810900043AB8 /* Maintenance.swift */ = {isa = PBXFileReference; lastKnownFileType = sourcecode.swift; path = Maintenance.swift; sourceTree = "<group>"; };
		F3BFC96B2E33810900043AB8 /* Bike.swift */ = {isa = PBXFileReference; lastKnownFileType = sourcecode.swift; path = Bike.swift; sourceTree = "<group>"; };
		F3BFC96E2E33810900043AB8 /* CoreDataHelpers.swift */ = {isa = PBXFileReference; lastKnownFileType = sourcecode.swift; path = CoreDataHelpers.swift; sourceTree = "<group>"; };
		F3BFC96F2E33810900043AB8 /* CoreDataLocalStore.swift */ = {isa = PBXFileReference; lastKnownFileType = sourcecode.swift; path = CoreDataLocalStore.swift; sourceTree = "<group>"; };
		F3BFC9702E33810900043AB8 /* CoreDataLocalStore+MaintenanceStore.swift */ = {isa = PBXFileReference; lastKnownFileType = sourcecode.swift; path = "CoreDataLocalStore+MaintenanceStore.swift"; sourceTree = "<group>"; };
		F3BFC9722E33810900043AB8 /* CoreDataLocalStore+BikeStore.swift */ = {isa = PBXFileReference; lastKnownFileType = sourcecode.swift; path = "CoreDataLocalStore+BikeStore.swift"; sourceTree = "<group>"; };
		F3BFC9732E33810900043AB8 /* ManagedMaintenance.swift */ = {isa = PBXFileReference; lastKnownFileType = sourcecode.swift; path = ManagedMaintenance.swift; sourceTree = "<group>"; };
		F3BFC9752E33810900043AB8 /* ManagedBike.swift */ = {isa = PBXFileReference; lastKnownFileType = sourcecode.swift; path = ManagedBike.swift; sourceTree = "<group>"; };
		F3BFC9782E33810900043AB8 /* LocalMaintenance.swift */ = {isa = PBXFileReference; lastKnownFileType = sourcecode.swift; path = LocalMaintenance.swift; sourceTree = "<group>"; };
		F3BFC9792E33810900043AB8 /* LocalMaintenanceLoader.swift */ = {isa = PBXFileReference; lastKnownFileType = sourcecode.swift; path = LocalMaintenanceLoader.swift; sourceTree = "<group>"; };
		F3BFC97C2E33810900043AB8 /* LocalBike.swift */ = {isa = PBXFileReference; lastKnownFileType = sourcecode.swift; path = LocalBike.swift; sourceTree = "<group>"; };
		F3BFC97D2E33810900043AB8 /* LocalBikeLoader.swift */ = {isa = PBXFileReference; lastKnownFileType = sourcecode.swift; path = LocalBikeLoader.swift; sourceTree = "<group>"; };
		F3BFC97E2E33810900043AB8 /* MaintenanceStore.swift */ = {isa = PBXFileReference; lastKnownFileType = sourcecode.swift; path = MaintenanceStore.swift; sourceTree = "<group>"; };
		F3BFC9802E33810900043AB8 /* BikeStore.swift */ = {isa = PBXFileReference; lastKnownFileType = sourcecode.swift; path = BikeStore.swift; sourceTree = "<group>"; };
		F3BFC9842E33810900043AB8 /* DashboardView.swift */ = {isa = PBXFileReference; lastKnownFileType = sourcecode.swift; path = DashboardView.swift; sourceTree = "<group>"; };
		F3BFC9892E33810900043AB8 /* MaintenanceView.swift */ = {isa = PBXFileReference; lastKnownFileType = sourcecode.swift; path = MaintenanceView.swift; sourceTree = "<group>"; };
		F3BFC98D2E33810900043AB8 /* RegistrationView.swift */ = {isa = PBXFileReference; lastKnownFileType = sourcecode.swift; path = RegistrationView.swift; sourceTree = "<group>"; };
		F3BFC9942E33810900043AB8 /* AppState.swift */ = {isa = PBXFileReference; lastKnownFileType = sourcecode.swift; path = AppState.swift; sourceTree = "<group>"; };
		F3BFC9952E33810900043AB8 /* Assets.xcassets */ = {isa = PBXFileReference; lastKnownFileType = folder.assetcatalog; path = Assets.xcassets; sourceTree = "<group>"; };
		F3BFC9962E33810900043AB8 /* CarCareApp.swift */ = {isa = PBXFileReference; lastKnownFileType = sourcecode.swift; path = CarCareApp.swift; sourceTree = "<group>"; };
		F3BFC9972E33810900043AB8 /* ContentView.swift */ = {isa = PBXFileReference; lastKnownFileType = sourcecode.swift; path = ContentView.swift; sourceTree = "<group>"; };
		F3BFC9982E33810900043AB8 /* DependencyContainer.swift */ = {isa = PBXFileReference; lastKnownFileType = sourcecode.swift; path = DependencyContainer.swift; sourceTree = "<group>"; };
		F3BFC99A2E33810900043AB8 /* NullStore.swift */ = {isa = PBXFileReference; lastKnownFileType = sourcecode.swift; path = NullStore.swift; sourceTree = "<group>"; };
		F3BFC99C2E33810900043AB8 /* CarCare.xcdatamodel */ = {isa = PBXFileReference; lastKnownFileType = wrapper.xcdatamodel; path = CarCare.xcdatamodel; sourceTree = "<group>"; };
		F3D7FC952E6332FE0042A29A /* DoneMaintenanceRow.swift */ = {isa = PBXFileReference; lastKnownFileType = sourcecode.swift; path = DoneMaintenanceRow.swift; sourceTree = "<group>"; };
		F3D7FC9B2E633FE30042A29A /* DashboardVM.swift */ = {isa = PBXFileReference; lastKnownFileType = sourcecode.swift; path = DashboardVM.swift; sourceTree = "<group>"; };
		F3D7FC9D2E6342E40042A29A /* AddMaintenanceVM.swift */ = {isa = PBXFileReference; lastKnownFileType = sourcecode.swift; path = AddMaintenanceVM.swift; sourceTree = "<group>"; };
		F3D7FC9F2E6344250042A29A /* MaintenanceViewVM.swift */ = {isa = PBXFileReference; lastKnownFileType = sourcecode.swift; path = MaintenanceViewVM.swift; sourceTree = "<group>"; };
		F3E8DDF42E6B35410056C714 /* es */ = {isa = PBXFileReference; lastKnownFileType = text.plist.strings; name = es; path = Localizable.strings; sourceTree = "<group>"; };
		F3E8DDFD2E6B36280056C714 /* fr */ = {isa = PBXFileReference; lastKnownFileType = text.plist.strings; name = fr; path = Localizable.strings; sourceTree = "<group>"; };
		F3E8DE002E6B36320056C714 /* en */ = {isa = PBXFileReference; lastKnownFileType = text.plist.strings; name = en; path = en.lproj/Localizable.strings; sourceTree = "<group>"; };
/* End PBXFileReference section */

/* Begin PBXFileSystemSynchronizedRootGroup section */
		F31F73EB2E26585B00334333 /* CarCareTests */ = {
			isa = PBXFileSystemSynchronizedRootGroup;
			path = CarCareTests;
			sourceTree = "<group>";
		};
/* End PBXFileSystemSynchronizedRootGroup section */

/* Begin PBXFrameworksBuildPhase section */
		F31F73D82E26585A00334333 /* Frameworks */ = {
			isa = PBXFrameworksBuildPhase;
			buildActionMask = 2147483647;
			files = (
			);
			runOnlyForDeploymentPostprocessing = 0;
		};
		F31F73E52E26585B00334333 /* Frameworks */ = {
			isa = PBXFrameworksBuildPhase;
			buildActionMask = 2147483647;
			files = (
			);
			runOnlyForDeploymentPostprocessing = 0;
		};
/* End PBXFrameworksBuildPhase section */

/* Begin PBXGroup section */
		F31F73D22E26585A00334333 = {
			isa = PBXGroup;
			children = (
				F3E8DDFF2E6B36320056C714 /* Localizable.strings */,
				F3E8DDFA2E6B357E0056C714 /* fr.lproj */,
				F3E8DDF62E6B35410056C714 /* es.lproj */,
				F3BFC99B2E33810900043AB8 /* CarCare */,
				F31F73EB2E26585B00334333 /* CarCareTests */,
				F31F73DC2E26585A00334333 /* Products */,
			);
			sourceTree = "<group>";
		};
		F31F73DC2E26585A00334333 /* Products */ = {
			isa = PBXGroup;
			children = (
				F31F73DB2E26585A00334333 /* CarCare.app */,
				F31F73E82E26585B00334333 /* CarCareTests.xctest */,
			);
			name = Products;
			sourceTree = "<group>";
		};
		F37D827C2E5F559400F92A50 /* Resources */ = {
			isa = PBXGroup;
			children = (
				F37D82562E5F552400F92A50 /* Info.plist */,
				F3BFC9952E33810900043AB8 /* Assets.xcassets */,
			);
			path = Resources;
			sourceTree = "<group>";
		};
		F3823AE72E5C635000B9331B /* Settings */ = {
			isa = PBXGroup;
			children = (
				F3823AE82E5C635E00B9331B /* SettingsView.swift */,
				F3823AF22E5C8DA600B9331B /* LegalView.swift */,
			);
			path = Settings;
			sourceTree = "<group>";
		};
		F3823AEA2E5C67FF00B9331B /* Notification */ = {
			isa = PBXGroup;
			children = (
				F3823AEB2E5C680F00B9331B /* NotificationIntroView.swift */,
			);
			path = Notification;
			sourceTree = "<group>";
		};
		F3823AF12E5C8CAF00B9331B /* Managers */ = {
			isa = PBXGroup;
			children = (
				F3823AED2E5C69BF00B9331B /* NotificationManager.swift */,
			);
			path = Managers;
			sourceTree = "<group>";
		};
		F3B77CA02E50DF2C00548F2D /* Views */ = {
			isa = PBXGroup;
			children = (
				F3823AEA2E5C67FF00B9331B /* Notification */,
				F3823AE72E5C635000B9331B /* Settings */,
				F3BDB2E42E55EF320041F142 /* Registration */,
				F3BDB2E32E55EF1A0041F142 /* Dashboard */,
				F3BDB2E22E55EF040041F142 /* Maintenance */,
				F37D82822E5F601800F92A50 /* CustomTextField.swift */,
				F37D82842E5F80ED00F92A50 /* PrimaryButton.swift */,
			);
			path = Views;
			sourceTree = "<group>";
		};
		F3BDB2E22E55EF040041F142 /* Maintenance */ = {
			isa = PBXGroup;
			children = (
				F3BFC9892E33810900043AB8 /* MaintenanceView.swift */,
				F3D7FC9F2E6344250042A29A /* MaintenanceViewVM.swift */,
				F339FAA92E54842A00F2CECC /* ToDoMaintenanceRow.swift */,
				F3D7FC952E6332FE0042A29A /* DoneMaintenanceRow.swift */,
				F339FB222E54D06C00F2CECC /* MaintenanceDetailsView.swift */,
				F3877CE72E672CF900CEECA9 /* MaintenanceDetailsVM.swift */,
				F339FB262E54D63B00F2CECC /* DaysIndicatorView.swift */,
			);
			path = Maintenance;
			sourceTree = "<group>";
		};
		F3BDB2E32E55EF1A0041F142 /* Dashboard */ = {
			isa = PBXGroup;
			children = (
				F3BFC9842E33810900043AB8 /* DashboardView.swift */,
				F3D7FC9B2E633FE30042A29A /* DashboardVM.swift */,
				F3B77C952E5080D000548F2D /* AddMaintenanceView.swift */,
				F3D7FC9D2E6342E40042A29A /* AddMaintenanceVM.swift */,
				F3B77CA52E50DF9300548F2D /* BikeModificationsView.swift */,
			);
			path = Dashboard;
			sourceTree = "<group>";
		};
		F3BDB2E42E55EF320041F142 /* Registration */ = {
			isa = PBXGroup;
			children = (
				F3BFC98D2E33810900043AB8 /* RegistrationView.swift */,
			);
			path = Registration;
			sourceTree = "<group>";
		};
		F3BDB2ED2E5602F00041F142 /* Enums */ = {
			isa = PBXGroup;
			children = (
				F3BDB2EE2E5603120041F142 /* Brand.swift */,
				F3BDB2F02E56033C0041F142 /* MaintenanceType.swift */,
				F3BDB2F22E56035B0041F142 /* BikeType.swift */,
				F3823AF62E5C9E4400B9331B /* AppError.swift */,
			);
			path = Enums;
			sourceTree = "<group>";
		};
		F3BFC96C2E33810900043AB8 /* CarCare Feature */ = {
			isa = PBXGroup;
			children = (
				F3BDB2ED2E5602F00041F142 /* Enums */,
				F3BFC9692E33810900043AB8 /* Maintenance.swift */,
				F3BFC96B2E33810900043AB8 /* Bike.swift */,
				F3B77C932E50714E00548F2D /* MaintenanceStatus.swift */,
			);
			path = "CarCare Feature";
			sourceTree = "<group>";
		};
		F3BFC9762E33810900043AB8 /* CoreData */ = {
			isa = PBXGroup;
			children = (
				F3BFC96D2E33810900043AB8 /* CarCare.xcdatamodeld */,
				F3BFC96E2E33810900043AB8 /* CoreDataHelpers.swift */,
				F3BFC96F2E33810900043AB8 /* CoreDataLocalStore.swift */,
				F3BFC9702E33810900043AB8 /* CoreDataLocalStore+MaintenanceStore.swift */,
				F3BFC9722E33810900043AB8 /* CoreDataLocalStore+BikeStore.swift */,
				F3BFC9732E33810900043AB8 /* ManagedMaintenance.swift */,
				F3BFC9752E33810900043AB8 /* ManagedBike.swift */,
			);
			path = CoreData;
			sourceTree = "<group>";
		};
		F3BFC9772E33810900043AB8 /* Infrastructure */ = {
			isa = PBXGroup;
			children = (
				F3BFC9762E33810900043AB8 /* CoreData */,
			);
			path = Infrastructure;
			sourceTree = "<group>";
		};
		F3BFC9812E33810900043AB8 /* Local Storage */ = {
			isa = PBXGroup;
			children = (
				F3BFC9772E33810900043AB8 /* Infrastructure */,
				F3BFC9782E33810900043AB8 /* LocalMaintenance.swift */,
				F3BFC9792E33810900043AB8 /* LocalMaintenanceLoader.swift */,
				F3BFC97E2E33810900043AB8 /* MaintenanceStore.swift */,
				F3BFC97C2E33810900043AB8 /* LocalBike.swift */,
				F3BFC97D2E33810900043AB8 /* LocalBikeLoader.swift */,
				F3BFC9802E33810900043AB8 /* BikeStore.swift */,
			);
			path = "Local Storage";
			sourceTree = "<group>";
		};
		F3BFC9932E33810900043AB8 /* ViewModels */ = {
			isa = PBXGroup;
			children = (
				F3BDB2E72E55EFDE0041F142 /* BikeVM.swift */,
				F3BDB2E92E55F0840041F142 /* MaintenanceVM.swift */,
				F3823AF42E5C9AB700B9331B /* NotificationViewModel.swift */,
			);
			path = ViewModels;
			sourceTree = "<group>";
		};
		F3BFC99B2E33810900043AB8 /* CarCare */ = {
			isa = PBXGroup;
			children = (
				F37D827C2E5F559400F92A50 /* Resources */,
				F3BFC96C2E33810900043AB8 /* CarCare Feature */,
				F3BFC9812E33810900043AB8 /* Local Storage */,
				F3BFC9932E33810900043AB8 /* ViewModels */,
				F3B77CA02E50DF2C00548F2D /* Views */,
				F3BFC9962E33810900043AB8 /* CarCareApp.swift */,
				F3BFC9972E33810900043AB8 /* ContentView.swift */,
				F3BFC9942E33810900043AB8 /* AppState.swift */,
				F3BFC9982E33810900043AB8 /* DependencyContainer.swift */,
				F3BFC99A2E33810900043AB8 /* NullStore.swift */,
				F3823AF12E5C8CAF00B9331B /* Managers */,
			);
			path = CarCare;
			sourceTree = "<group>";
		};
		F3E8DDF62E6B35410056C714 /* es.lproj */ = {
			isa = PBXGroup;
			children = (
				F3E8DDF52E6B35410056C714 /* Localizable.strings */,
			);
			path = es.lproj;
			sourceTree = "<group>";
		};
		F3E8DDFA2E6B357E0056C714 /* fr.lproj */ = {
			isa = PBXGroup;
			children = (
				F3E8DDFC2E6B36280056C714 /* Localizable.strings */,
			);
			path = fr.lproj;
			sourceTree = "<group>";
		};
/* End PBXGroup section */

/* Begin PBXNativeTarget section */
		F31F73DA2E26585A00334333 /* CarCare */ = {
			isa = PBXNativeTarget;
			buildConfigurationList = F31F73FC2E26585B00334333 /* Build configuration list for PBXNativeTarget "CarCare" */;
			buildPhases = (
				F31F73D72E26585A00334333 /* Sources */,
				F31F73D82E26585A00334333 /* Frameworks */,
				F31F73D92E26585A00334333 /* Resources */,
			);
			buildRules = (
			);
			dependencies = (
			);
			name = CarCare;
			packageProductDependencies = (
			);
			productName = CarCare;
			productReference = F31F73DB2E26585A00334333 /* CarCare.app */;
			productType = "com.apple.product-type.application";
		};
		F31F73E72E26585B00334333 /* CarCareTests */ = {
			isa = PBXNativeTarget;
			buildConfigurationList = F31F73FF2E26585B00334333 /* Build configuration list for PBXNativeTarget "CarCareTests" */;
			buildPhases = (
				F31F73E42E26585B00334333 /* Sources */,
				F31F73E52E26585B00334333 /* Frameworks */,
				F31F73E62E26585B00334333 /* Resources */,
			);
			buildRules = (
			);
			dependencies = (
				F31F73EA2E26585B00334333 /* PBXTargetDependency */,
			);
			fileSystemSynchronizedGroups = (
				F31F73EB2E26585B00334333 /* CarCareTests */,
			);
			name = CarCareTests;
			packageProductDependencies = (
			);
			productName = CarCareTests;
			productReference = F31F73E82E26585B00334333 /* CarCareTests.xctest */;
			productType = "com.apple.product-type.bundle.unit-test";
		};
/* End PBXNativeTarget section */

/* Begin PBXProject section */
		F31F73D32E26585A00334333 /* Project object */ = {
			isa = PBXProject;
			attributes = {
				BuildIndependentTargetsInParallel = 1;
				LastSwiftUpdateCheck = 1640;
				LastUpgradeCheck = 1640;
				TargetAttributes = {
					F31F73DA2E26585A00334333 = {
						CreatedOnToolsVersion = 16.4;
					};
					F31F73E72E26585B00334333 = {
						CreatedOnToolsVersion = 16.4;
						TestTargetID = F31F73DA2E26585A00334333;
					};
				};
			};
			buildConfigurationList = F31F73D62E26585A00334333 /* Build configuration list for PBXProject "CarCare" */;
			developmentRegion = en;
			hasScannedForEncodings = 0;
			knownRegions = (
				en,
				Base,
				es,
				fr,
			);
			mainGroup = F31F73D22E26585A00334333;
			minimizedProjectReferenceProxies = 1;
			preferredProjectObjectVersion = 77;
			productRefGroup = F31F73DC2E26585A00334333 /* Products */;
			projectDirPath = "";
			projectRoot = "";
			targets = (
				F31F73DA2E26585A00334333 /* CarCare */,
				F31F73E72E26585B00334333 /* CarCareTests */,
			);
		};
/* End PBXProject section */

/* Begin PBXResourcesBuildPhase section */
		F31F73D92E26585A00334333 /* Resources */ = {
			isa = PBXResourcesBuildPhase;
			buildActionMask = 2147483647;
			files = (
				F3BFC99E2E33810900043AB8 /* Assets.xcassets in Resources */,
				F3E8DE022E6B36320056C714 /* Localizable.strings in Resources */,
				F3E8DDFE2E6B36280056C714 /* Localizable.strings in Resources */,
				F3E8DDF82E6B35410056C714 /* Localizable.strings in Resources */,
			);
			runOnlyForDeploymentPostprocessing = 0;
		};
		F31F73E62E26585B00334333 /* Resources */ = {
			isa = PBXResourcesBuildPhase;
			buildActionMask = 2147483647;
			files = (
				F37D82572E5F552400F92A50 /* Info.plist in Resources */,
				F3E8DE012E6B36320056C714 /* Localizable.strings in Resources */,
				F3E8DDF72E6B35410056C714 /* Localizable.strings in Resources */,
			);
			runOnlyForDeploymentPostprocessing = 0;
		};
/* End PBXResourcesBuildPhase section */

/* Begin PBXSourcesBuildPhase section */
		F31F73D72E26585A00334333 /* Sources */ = {
			isa = PBXSourcesBuildPhase;
			buildActionMask = 2147483647;
			files = (
				F3BFC9A02E33810900043AB8 /* Maintenance.swift in Sources */,
				F3BDB2E82E55EFDE0041F142 /* BikeVM.swift in Sources */,
				F3823AF32E5C8DA600B9331B /* LegalView.swift in Sources */,
				F3BFC9A22E33810900043AB8 /* Bike.swift in Sources */,
				F3BFC9A32E33810900043AB8 /* CarCare.xcdatamodeld in Sources */,
				F3D7FC9C2E633FE30042A29A /* DashboardVM.swift in Sources */,
				F3B77CA62E50DF9300548F2D /* BikeModificationsView.swift in Sources */,
				F3BFC9A42E33810900043AB8 /* CoreDataHelpers.swift in Sources */,
				F3BFC9A52E33810900043AB8 /* CoreDataLocalStore.swift in Sources */,
				F3823AF52E5C9AB700B9331B /* NotificationViewModel.swift in Sources */,
				F3BFC9A62E33810900043AB8 /* CoreDataLocalStore+MaintenanceStore.swift in Sources */,
				F3BFC9A82E33810900043AB8 /* CoreDataLocalStore+BikeStore.swift in Sources */,
				F37D82832E5F601800F92A50 /* CustomTextField.swift in Sources */,
				F3BDB2F12E56033C0041F142 /* MaintenanceType.swift in Sources */,
				F3BDB2EA2E55F0840041F142 /* MaintenanceVM.swift in Sources */,
				F3BDB2EF2E5603120041F142 /* Brand.swift in Sources */,
				F3BFC9A92E33810900043AB8 /* ManagedMaintenance.swift in Sources */,
				F339FAAA2E54842A00F2CECC /* ToDoMaintenanceRow.swift in Sources */,
				F3BFC9AB2E33810900043AB8 /* ManagedBike.swift in Sources */,
				F3D7FCA02E6344250042A29A /* MaintenanceViewVM.swift in Sources */,
				F3823AE92E5C635E00B9331B /* SettingsView.swift in Sources */,
				F3BFC9AC2E33810900043AB8 /* LocalMaintenance.swift in Sources */,
				F3823AF72E5C9E4400B9331B /* AppError.swift in Sources */,
				F3D7FC9E2E6342E40042A29A /* AddMaintenanceVM.swift in Sources */,
				F3BFC9AD2E33810900043AB8 /* LocalMaintenanceLoader.swift in Sources */,
				F3BDB2F32E56035B0041F142 /* BikeType.swift in Sources */,
				F3BFC9B02E33810900043AB8 /* LocalBike.swift in Sources */,
				F3BFC9B12E33810900043AB8 /* LocalBikeLoader.swift in Sources */,
				F339FB232E54D06C00F2CECC /* MaintenanceDetailsView.swift in Sources */,
				F3823AEC2E5C680F00B9331B /* NotificationIntroView.swift in Sources */,
				F3BFC9B22E33810900043AB8 /* MaintenanceStore.swift in Sources */,
				F3BFC9B42E33810900043AB8 /* BikeStore.swift in Sources */,
				F3D7FC962E6332FE0042A29A /* DoneMaintenanceRow.swift in Sources */,
				F3BFC9B52E33810900043AB8 /* DashboardView.swift in Sources */,
				F3BFC9B82E33810900043AB8 /* MaintenanceView.swift in Sources */,
				F3877CE82E672CF900CEECA9 /* MaintenanceDetailsVM.swift in Sources */,
				F3B77C942E50714E00548F2D /* MaintenanceStatus.swift in Sources */,
				F3BFC9BA2E33810900043AB8 /* RegistrationView.swift in Sources */,
				F37D82852E5F80ED00F92A50 /* PrimaryButton.swift in Sources */,
				F3BFC9BE2E33810900043AB8 /* AppState.swift in Sources */,
				F3B77C962E5080D000548F2D /* AddMaintenanceView.swift in Sources */,
				F3BFC9BF2E33810900043AB8 /* CarCareApp.swift in Sources */,
				F339FB272E54D63B00F2CECC /* DaysIndicatorView.swift in Sources */,
				F3823AEE2E5C69BF00B9331B /* NotificationManager.swift in Sources */,
				F3BFC9C02E33810900043AB8 /* ContentView.swift in Sources */,
				F3BFC9C12E33810900043AB8 /* DependencyContainer.swift in Sources */,
				F3BFC9C32E33810900043AB8 /* NullStore.swift in Sources */,
			);
			runOnlyForDeploymentPostprocessing = 0;
		};
		F31F73E42E26585B00334333 /* Sources */ = {
			isa = PBXSourcesBuildPhase;
			buildActionMask = 2147483647;
			files = (
				F3BFC9C42E33810900043AB8 /* BikeStore.swift in Sources */,
				F3BFC9C72E33810900043AB8 /* LocalMaintenance.swift in Sources */,
				F3BFC9C82E33810900043AB8 /* ManagedMaintenance.swift in Sources */,
				F3BFC9CA2E33810900043AB8 /* ManagedBike.swift in Sources */,
				F3BFC9CC2E33810900043AB8 /* MaintenanceStore.swift in Sources */,
				F3BFC9CD2E33810900043AB8 /* LocalMaintenanceLoader.swift in Sources */,
				F3BFC9CE2E33810900043AB8 /* LocalBike.swift in Sources */,
				F3BFC9CF2E33810900043AB8 /* CoreDataHelpers.swift in Sources */,
				F3BFC9D02E33810900043AB8 /* LocalBikeLoader.swift in Sources */,
				F3BFC9D22E33810900043AB8 /* CarCare.xcdatamodeld in Sources */,
				F3BFC9D32E33810900043AB8 /* CoreDataLocalStore+MaintenanceStore.swift in Sources */,
				F3BFC9D42E33810900043AB8 /* CoreDataLocalStore+BikeStore.swift in Sources */,
				F3BFC9D52E33810900043AB8 /* CoreDataLocalStore.swift in Sources */,
			);
			runOnlyForDeploymentPostprocessing = 0;
		};
/* End PBXSourcesBuildPhase section */

/* Begin PBXTargetDependency section */
		F31F73EA2E26585B00334333 /* PBXTargetDependency */ = {
			isa = PBXTargetDependency;
			target = F31F73DA2E26585A00334333 /* CarCare */;
			targetProxy = F31F73E92E26585B00334333 /* PBXContainerItemProxy */;
		};
/* End PBXTargetDependency section */

/* Begin PBXVariantGroup section */
		F3E8DDF52E6B35410056C714 /* Localizable.strings */ = {
			isa = PBXVariantGroup;
			children = (
				F3E8DDF42E6B35410056C714 /* es */,
			);
			name = Localizable.strings;
			sourceTree = "<group>";
		};
		F3E8DDFC2E6B36280056C714 /* Localizable.strings */ = {
			isa = PBXVariantGroup;
			children = (
				F3E8DDFD2E6B36280056C714 /* fr */,
			);
			name = Localizable.strings;
			sourceTree = "<group>";
		};
		F3E8DDFF2E6B36320056C714 /* Localizable.strings */ = {
			isa = PBXVariantGroup;
			children = (
				F3E8DE002E6B36320056C714 /* en */,
			);
			name = Localizable.strings;
			sourceTree = "<group>";
		};
/* End PBXVariantGroup section */

/* Begin XCBuildConfiguration section */
		F31F73FA2E26585B00334333 /* Debug */ = {
			isa = XCBuildConfiguration;
			buildSettings = {
				ALWAYS_SEARCH_USER_PATHS = NO;
				ASSETCATALOG_COMPILER_GENERATE_SWIFT_ASSET_SYMBOL_EXTENSIONS = YES;
				CLANG_ANALYZER_NONNULL = YES;
				CLANG_ANALYZER_NUMBER_OBJECT_CONVERSION = YES_AGGRESSIVE;
				CLANG_CXX_LANGUAGE_STANDARD = "gnu++20";
				CLANG_ENABLE_MODULES = YES;
				CLANG_ENABLE_OBJC_ARC = YES;
				CLANG_ENABLE_OBJC_WEAK = YES;
				CLANG_WARN_BLOCK_CAPTURE_AUTORELEASING = YES;
				CLANG_WARN_BOOL_CONVERSION = YES;
				CLANG_WARN_COMMA = YES;
				CLANG_WARN_CONSTANT_CONVERSION = YES;
				CLANG_WARN_DEPRECATED_OBJC_IMPLEMENTATIONS = YES;
				CLANG_WARN_DIRECT_OBJC_ISA_USAGE = YES_ERROR;
				CLANG_WARN_DOCUMENTATION_COMMENTS = YES;
				CLANG_WARN_EMPTY_BODY = YES;
				CLANG_WARN_ENUM_CONVERSION = YES;
				CLANG_WARN_INFINITE_RECURSION = YES;
				CLANG_WARN_INT_CONVERSION = YES;
				CLANG_WARN_NON_LITERAL_NULL_CONVERSION = YES;
				CLANG_WARN_OBJC_IMPLICIT_RETAIN_SELF = YES;
				CLANG_WARN_OBJC_LITERAL_CONVERSION = YES;
				CLANG_WARN_OBJC_ROOT_CLASS = YES_ERROR;
				CLANG_WARN_QUOTED_INCLUDE_IN_FRAMEWORK_HEADER = YES;
				CLANG_WARN_RANGE_LOOP_ANALYSIS = YES;
				CLANG_WARN_STRICT_PROTOTYPES = YES;
				CLANG_WARN_SUSPICIOUS_MOVE = YES;
				CLANG_WARN_UNGUARDED_AVAILABILITY = YES_AGGRESSIVE;
				CLANG_WARN_UNREACHABLE_CODE = YES;
				CLANG_WARN__DUPLICATE_METHOD_MATCH = YES;
				COPY_PHASE_STRIP = NO;
				DEBUG_INFORMATION_FORMAT = dwarf;
				ENABLE_STRICT_OBJC_MSGSEND = YES;
				ENABLE_TESTABILITY = YES;
				ENABLE_USER_SCRIPT_SANDBOXING = YES;
				GCC_C_LANGUAGE_STANDARD = gnu17;
				GCC_DYNAMIC_NO_PIC = NO;
				GCC_NO_COMMON_BLOCKS = YES;
				GCC_OPTIMIZATION_LEVEL = 0;
				GCC_PREPROCESSOR_DEFINITIONS = (
					"DEBUG=1",
					"$(inherited)",
				);
				GCC_WARN_64_TO_32_BIT_CONVERSION = YES;
				GCC_WARN_ABOUT_RETURN_TYPE = YES_ERROR;
				GCC_WARN_UNDECLARED_SELECTOR = YES;
				GCC_WARN_UNINITIALIZED_AUTOS = YES_AGGRESSIVE;
				GCC_WARN_UNUSED_FUNCTION = YES;
				GCC_WARN_UNUSED_VARIABLE = YES;
				IPHONEOS_DEPLOYMENT_TARGET = 18.5;
				LOCALIZATION_PREFERS_STRING_CATALOGS = YES;
				MTL_ENABLE_DEBUG_INFO = INCLUDE_SOURCE;
				MTL_FAST_MATH = YES;
				ONLY_ACTIVE_ARCH = YES;
				SDKROOT = iphoneos;
				SWIFT_ACTIVE_COMPILATION_CONDITIONS = "DEBUG $(inherited)";
				SWIFT_OPTIMIZATION_LEVEL = "-Onone";
			};
			name = Debug;
		};
		F31F73FB2E26585B00334333 /* Release */ = {
			isa = XCBuildConfiguration;
			buildSettings = {
				ALWAYS_SEARCH_USER_PATHS = NO;
				ASSETCATALOG_COMPILER_GENERATE_SWIFT_ASSET_SYMBOL_EXTENSIONS = YES;
				CLANG_ANALYZER_NONNULL = YES;
				CLANG_ANALYZER_NUMBER_OBJECT_CONVERSION = YES_AGGRESSIVE;
				CLANG_CXX_LANGUAGE_STANDARD = "gnu++20";
				CLANG_ENABLE_MODULES = YES;
				CLANG_ENABLE_OBJC_ARC = YES;
				CLANG_ENABLE_OBJC_WEAK = YES;
				CLANG_WARN_BLOCK_CAPTURE_AUTORELEASING = YES;
				CLANG_WARN_BOOL_CONVERSION = YES;
				CLANG_WARN_COMMA = YES;
				CLANG_WARN_CONSTANT_CONVERSION = YES;
				CLANG_WARN_DEPRECATED_OBJC_IMPLEMENTATIONS = YES;
				CLANG_WARN_DIRECT_OBJC_ISA_USAGE = YES_ERROR;
				CLANG_WARN_DOCUMENTATION_COMMENTS = YES;
				CLANG_WARN_EMPTY_BODY = YES;
				CLANG_WARN_ENUM_CONVERSION = YES;
				CLANG_WARN_INFINITE_RECURSION = YES;
				CLANG_WARN_INT_CONVERSION = YES;
				CLANG_WARN_NON_LITERAL_NULL_CONVERSION = YES;
				CLANG_WARN_OBJC_IMPLICIT_RETAIN_SELF = YES;
				CLANG_WARN_OBJC_LITERAL_CONVERSION = YES;
				CLANG_WARN_OBJC_ROOT_CLASS = YES_ERROR;
				CLANG_WARN_QUOTED_INCLUDE_IN_FRAMEWORK_HEADER = YES;
				CLANG_WARN_RANGE_LOOP_ANALYSIS = YES;
				CLANG_WARN_STRICT_PROTOTYPES = YES;
				CLANG_WARN_SUSPICIOUS_MOVE = YES;
				CLANG_WARN_UNGUARDED_AVAILABILITY = YES_AGGRESSIVE;
				CLANG_WARN_UNREACHABLE_CODE = YES;
				CLANG_WARN__DUPLICATE_METHOD_MATCH = YES;
				COPY_PHASE_STRIP = NO;
				DEBUG_INFORMATION_FORMAT = "dwarf-with-dsym";
				ENABLE_NS_ASSERTIONS = NO;
				ENABLE_STRICT_OBJC_MSGSEND = YES;
				ENABLE_USER_SCRIPT_SANDBOXING = YES;
				GCC_C_LANGUAGE_STANDARD = gnu17;
				GCC_NO_COMMON_BLOCKS = YES;
				GCC_WARN_64_TO_32_BIT_CONVERSION = YES;
				GCC_WARN_ABOUT_RETURN_TYPE = YES_ERROR;
				GCC_WARN_UNDECLARED_SELECTOR = YES;
				GCC_WARN_UNINITIALIZED_AUTOS = YES_AGGRESSIVE;
				GCC_WARN_UNUSED_FUNCTION = YES;
				GCC_WARN_UNUSED_VARIABLE = YES;
				IPHONEOS_DEPLOYMENT_TARGET = 18.5;
				LOCALIZATION_PREFERS_STRING_CATALOGS = YES;
				MTL_ENABLE_DEBUG_INFO = NO;
				MTL_FAST_MATH = YES;
				SDKROOT = iphoneos;
				SWIFT_COMPILATION_MODE = wholemodule;
				VALIDATE_PRODUCT = YES;
			};
			name = Release;
		};
		F31F73FD2E26585B00334333 /* Debug */ = {
			isa = XCBuildConfiguration;
			buildSettings = {
				ASSETCATALOG_COMPILER_APPICON_NAME = AppIcon;
				ASSETCATALOG_COMPILER_GLOBAL_ACCENT_COLOR_NAME = AccentColor;
				CODE_SIGN_STYLE = Automatic;
				CURRENT_PROJECT_VERSION = 1;
				DEVELOPMENT_TEAM = 64KCF3XZ6R;
				ENABLE_PREVIEWS = YES;
				GENERATE_INFOPLIST_FILE = YES;
				INFOPLIST_FILE = "$(SRCROOT)/CarCare/Resources/Info.plist";
				INFOPLIST_KEY_UIApplicationSceneManifest_Generation = YES;
				INFOPLIST_KEY_UIApplicationSupportsIndirectInputEvents = YES;
				INFOPLIST_KEY_UILaunchScreen_Generation = YES;
				INFOPLIST_KEY_UISupportedInterfaceOrientations = UIInterfaceOrientationPortrait;
				INFOPLIST_KEY_UISupportedInterfaceOrientations_iPad = "UIInterfaceOrientationPortrait UIInterfaceOrientationPortraitUpsideDown UIInterfaceOrientationLandscapeLeft UIInterfaceOrientationLandscapeRight";
				INFOPLIST_KEY_UISupportedInterfaceOrientations_iPhone = "UIInterfaceOrientationPortrait UIInterfaceOrientationLandscapeLeft UIInterfaceOrientationLandscapeRight";
				LD_RUNPATH_SEARCH_PATHS = (
					"$(inherited)",
					"@executable_path/Frameworks",
				);
				MARKETING_VERSION = 1.0;
				PRODUCT_BUNDLE_IDENTIFIER = com.bougaranhelena.CarCare;
				PRODUCT_NAME = "$(TARGET_NAME)";
				SWIFT_EMIT_LOC_STRINGS = YES;
				SWIFT_VERSION = 5.0;
				TARGETED_DEVICE_FAMILY = "1,2";
			};
			name = Debug;
		};
		F31F73FE2E26585B00334333 /* Release */ = {
			isa = XCBuildConfiguration;
			buildSettings = {
				ASSETCATALOG_COMPILER_APPICON_NAME = AppIcon;
				ASSETCATALOG_COMPILER_GLOBAL_ACCENT_COLOR_NAME = AccentColor;
				CODE_SIGN_STYLE = Automatic;
				CURRENT_PROJECT_VERSION = 1;
				DEVELOPMENT_TEAM = 64KCF3XZ6R;
				ENABLE_PREVIEWS = YES;
				GENERATE_INFOPLIST_FILE = YES;
				INFOPLIST_FILE = "$(SRCROOT)/CarCare/Resources/Info.plist";
				INFOPLIST_KEY_UIApplicationSceneManifest_Generation = YES;
				INFOPLIST_KEY_UIApplicationSupportsIndirectInputEvents = YES;
				INFOPLIST_KEY_UILaunchScreen_Generation = YES;
				INFOPLIST_KEY_UISupportedInterfaceOrientations = UIInterfaceOrientationPortrait;
				INFOPLIST_KEY_UISupportedInterfaceOrientations_iPad = "UIInterfaceOrientationPortrait UIInterfaceOrientationPortraitUpsideDown UIInterfaceOrientationLandscapeLeft UIInterfaceOrientationLandscapeRight";
				INFOPLIST_KEY_UISupportedInterfaceOrientations_iPhone = "UIInterfaceOrientationPortrait UIInterfaceOrientationLandscapeLeft UIInterfaceOrientationLandscapeRight";
				LD_RUNPATH_SEARCH_PATHS = (
					"$(inherited)",
					"@executable_path/Frameworks",
				);
				MARKETING_VERSION = 1.0;
				PRODUCT_BUNDLE_IDENTIFIER = com.bougaranhelena.CarCare;
				PRODUCT_NAME = "$(TARGET_NAME)";
				SWIFT_EMIT_LOC_STRINGS = YES;
				SWIFT_VERSION = 5.0;
				TARGETED_DEVICE_FAMILY = "1,2";
			};
			name = Release;
		};
		F31F74002E26585B00334333 /* Debug */ = {
			isa = XCBuildConfiguration;
			buildSettings = {
				BUNDLE_LOADER = "$(TEST_HOST)";
				CODE_SIGN_STYLE = Automatic;
				CURRENT_PROJECT_VERSION = 1;
				GENERATE_INFOPLIST_FILE = YES;
				IPHONEOS_DEPLOYMENT_TARGET = 18.5;
				MARKETING_VERSION = 1.0;
				PRODUCT_BUNDLE_IDENTIFIER = com.bougaranhelena.CarCareTests;
				PRODUCT_NAME = "$(TARGET_NAME)";
				SWIFT_EMIT_LOC_STRINGS = NO;
				SWIFT_VERSION = 5.0;
				TARGETED_DEVICE_FAMILY = "1,2";
				TEST_HOST = "$(BUILT_PRODUCTS_DIR)/CarCare.app/$(BUNDLE_EXECUTABLE_FOLDER_PATH)/CarCare";
			};
			name = Debug;
		};
		F31F74012E26585B00334333 /* Release */ = {
			isa = XCBuildConfiguration;
			buildSettings = {
				BUNDLE_LOADER = "$(TEST_HOST)";
				CODE_SIGN_STYLE = Automatic;
				CURRENT_PROJECT_VERSION = 1;
				GENERATE_INFOPLIST_FILE = YES;
				IPHONEOS_DEPLOYMENT_TARGET = 18.5;
				MARKETING_VERSION = 1.0;
				PRODUCT_BUNDLE_IDENTIFIER = com.bougaranhelena.CarCareTests;
				PRODUCT_NAME = "$(TARGET_NAME)";
				SWIFT_EMIT_LOC_STRINGS = NO;
				SWIFT_VERSION = 5.0;
				TARGETED_DEVICE_FAMILY = "1,2";
				TEST_HOST = "$(BUILT_PRODUCTS_DIR)/CarCare.app/$(BUNDLE_EXECUTABLE_FOLDER_PATH)/CarCare";
			};
			name = Release;
		};
/* End XCBuildConfiguration section */

/* Begin XCConfigurationList section */
		F31F73D62E26585A00334333 /* Build configuration list for PBXProject "CarCare" */ = {
			isa = XCConfigurationList;
			buildConfigurations = (
				F31F73FA2E26585B00334333 /* Debug */,
				F31F73FB2E26585B00334333 /* Release */,
			);
			defaultConfigurationIsVisible = 0;
			defaultConfigurationName = Release;
		};
		F31F73FC2E26585B00334333 /* Build configuration list for PBXNativeTarget "CarCare" */ = {
			isa = XCConfigurationList;
			buildConfigurations = (
				F31F73FD2E26585B00334333 /* Debug */,
				F31F73FE2E26585B00334333 /* Release */,
			);
			defaultConfigurationIsVisible = 0;
			defaultConfigurationName = Release;
		};
		F31F73FF2E26585B00334333 /* Build configuration list for PBXNativeTarget "CarCareTests" */ = {
			isa = XCConfigurationList;
			buildConfigurations = (
				F31F74002E26585B00334333 /* Debug */,
				F31F74012E26585B00334333 /* Release */,
			);
			defaultConfigurationIsVisible = 0;
			defaultConfigurationName = Release;
		};
/* End XCConfigurationList section */

/* Begin XCVersionGroup section */
		F3BFC96D2E33810900043AB8 /* CarCare.xcdatamodeld */ = {
			isa = XCVersionGroup;
			children = (
				F3BFC99C2E33810900043AB8 /* CarCare.xcdatamodel */,
			);
			currentVersion = F3BFC99C2E33810900043AB8 /* CarCare.xcdatamodel */;
			path = CarCare.xcdatamodeld;
			sourceTree = "<group>";
			versionGroupType = wrapper.xcdatamodel;
		};
/* End XCVersionGroup section */
	};
	rootObject = F31F73D32E26585A00334333 /* Project object */;
}
