// !$*UTF8*$!
{
	archiveVersion = 1;
	classes = {
	};
	objectVersion = 77;
	objects = {

/* Begin PBXContainerItemProxy section */
		F32A3F412E337CB300D7BAF8 /* PBXContainerItemProxy */ = {
			isa = PBXContainerItemProxy;
			containerPortal = F32A3F2B2E337CB100D7BAF8 /* Project object */;
			proxyType = 1;
			remoteGlobalIDString = F32A3F322E337CB100D7BAF8;
			remoteInfo = essai;
		};
		F32A3F4B2E337CB300D7BAF8 /* PBXContainerItemProxy */ = {
			isa = PBXContainerItemProxy;
			containerPortal = F32A3F2B2E337CB100D7BAF8 /* Project object */;
			proxyType = 1;
			remoteGlobalIDString = F32A3F322E337CB100D7BAF8;
			remoteInfo = essai;
		};
/* End PBXContainerItemProxy section */

/* Begin PBXFileReference section */
		F32A3F332E337CB100D7BAF8 /* essai.app */ = {isa = PBXFileReference; explicitFileType = wrapper.application; includeInIndex = 0; path = essai.app; sourceTree = BUILT_PRODUCTS_DIR; };
		F32A3F402E337CB300D7BAF8 /* essaiTests.xctest */ = {isa = PBXFileReference; explicitFileType = wrapper.cfbundle; includeInIndex = 0; path = essaiTests.xctest; sourceTree = BUILT_PRODUCTS_DIR; };
		F32A3F4A2E337CB300D7BAF8 /* essaiUITests.xctest */ = {isa = PBXFileReference; explicitFileType = wrapper.cfbundle; includeInIndex = 0; path = essaiUITests.xctest; sourceTree = BUILT_PRODUCTS_DIR; };
/* End PBXFileReference section */

/* Begin PBXFileSystemSynchronizedRootGroup section */
		F32A3F352E337CB100D7BAF8 /* essai */ = {
			isa = PBXFileSystemSynchronizedRootGroup;
			path = essai;
			sourceTree = "<group>";
		};
		F32A3F432E337CB300D7BAF8 /* essaiTests */ = {
			isa = PBXFileSystemSynchronizedRootGroup;
			path = essaiTests;
			sourceTree = "<group>";
		};
		F32A3F4D2E337CB300D7BAF8 /* essaiUITests */ = {
			isa = PBXFileSystemSynchronizedRootGroup;
			path = essaiUITests;
			sourceTree = "<group>";
		};
/* End PBXFileSystemSynchronizedRootGroup section */

/* Begin PBXFrameworksBuildPhase section */
		F32A3F302E337CB100D7BAF8 /* Frameworks */ = {
			isa = PBXFrameworksBuildPhase;
			buildActionMask = 2147483647;
			files = (
			);
			runOnlyForDeploymentPostprocessing = 0;
		};
		F32A3F3D2E337CB300D7BAF8 /* Frameworks */ = {
			isa = PBXFrameworksBuildPhase;
			buildActionMask = 2147483647;
			files = (
			);
			runOnlyForDeploymentPostprocessing = 0;
		};
		F32A3F472E337CB300D7BAF8 /* Frameworks */ = {
			isa = PBXFrameworksBuildPhase;
			buildActionMask = 2147483647;
			files = (
			);
			runOnlyForDeploymentPostprocessing = 0;
		};
/* End PBXFrameworksBuildPhase section */

/* Begin PBXGroup section */
		F32A3F2A2E337CB100D7BAF8 = {
			isa = PBXGroup;
			children = (
				F32A3F352E337CB100D7BAF8 /* essai */,
				F32A3F432E337CB300D7BAF8 /* essaiTests */,
				F32A3F4D2E337CB300D7BAF8 /* essaiUITests */,
				F32A3F342E337CB100D7BAF8 /* Products */,
			);
			sourceTree = "<group>";
		};
		F32A3F342E337CB100D7BAF8 /* Products */ = {
			isa = PBXGroup;
			children = (
				F32A3F332E337CB100D7BAF8 /* essai.app */,
				F32A3F402E337CB300D7BAF8 /* essaiTests.xctest */,
				F32A3F4A2E337CB300D7BAF8 /* essaiUITests.xctest */,
			);
			name = Products;
			sourceTree = "<group>";
		};
/* End PBXGroup section */

/* Begin PBXNativeTarget section */
		F32A3F322E337CB100D7BAF8 /* essai */ = {
			isa = PBXNativeTarget;
			buildConfigurationList = F32A3F542E337CB300D7BAF8 /* Build configuration list for PBXNativeTarget "essai" */;
			buildPhases = (
				F32A3F2F2E337CB100D7BAF8 /* Sources */,
				F32A3F302E337CB100D7BAF8 /* Frameworks */,
				F32A3F312E337CB100D7BAF8 /* Resources */,
			);
			buildRules = (
			);
			dependencies = (
			);
			fileSystemSynchronizedGroups = (
				F32A3F352E337CB100D7BAF8 /* essai */,
			);
			name = essai;
			packageProductDependencies = (
			);
			productName = essai;
			productReference = F32A3F332E337CB100D7BAF8 /* essai.app */;
			productType = "com.apple.product-type.application";
		};
		F32A3F3F2E337CB300D7BAF8 /* essaiTests */ = {
			isa = PBXNativeTarget;
			buildConfigurationList = F32A3F572E337CB300D7BAF8 /* Build configuration list for PBXNativeTarget "essaiTests" */;
			buildPhases = (
				F32A3F3C2E337CB300D7BAF8 /* Sources */,
				F32A3F3D2E337CB300D7BAF8 /* Frameworks */,
				F32A3F3E2E337CB300D7BAF8 /* Resources */,
			);
			buildRules = (
			);
			dependencies = (
				F32A3F422E337CB300D7BAF8 /* PBXTargetDependency */,
			);
			fileSystemSynchronizedGroups = (
				F32A3F432E337CB300D7BAF8 /* essaiTests */,
			);
			name = essaiTests;
			packageProductDependencies = (
			);
			productName = essaiTests;
			productReference = F32A3F402E337CB300D7BAF8 /* essaiTests.xctest */;
			productType = "com.apple.product-type.bundle.unit-test";
		};
		F32A3F492E337CB300D7BAF8 /* essaiUITests */ = {
			isa = PBXNativeTarget;
			buildConfigurationList = F32A3F5A2E337CB300D7BAF8 /* Build configuration list for PBXNativeTarget "essaiUITests" */;
			buildPhases = (
				F32A3F462E337CB300D7BAF8 /* Sources */,
				F32A3F472E337CB300D7BAF8 /* Frameworks */,
				F32A3F482E337CB300D7BAF8 /* Resources */,
			);
			buildRules = (
			);
			dependencies = (
				F32A3F4C2E337CB300D7BAF8 /* PBXTargetDependency */,
			);
			fileSystemSynchronizedGroups = (
				F32A3F4D2E337CB300D7BAF8 /* essaiUITests */,
			);
			name = essaiUITests;
			packageProductDependencies = (
			);
			productName = essaiUITests;
			productReference = F32A3F4A2E337CB300D7BAF8 /* essaiUITests.xctest */;
			productType = "com.apple.product-type.bundle.ui-testing";
		};
/* End PBXNativeTarget section */

/* Begin PBXProject section */
		F32A3F2B2E337CB100D7BAF8 /* Project object */ = {
			isa = PBXProject;
			attributes = {
				BuildIndependentTargetsInParallel = 1;
				LastSwiftUpdateCheck = 1640;
				LastUpgradeCheck = 1640;
				TargetAttributes = {
					F32A3F322E337CB100D7BAF8 = {
						CreatedOnToolsVersion = 16.4;
					};
					F32A3F3F2E337CB300D7BAF8 = {
						CreatedOnToolsVersion = 16.4;
						TestTargetID = F32A3F322E337CB100D7BAF8;
					};
					F32A3F492E337CB300D7BAF8 = {
						CreatedOnToolsVersion = 16.4;
						TestTargetID = F32A3F322E337CB100D7BAF8;
					};
				};
			};
			buildConfigurationList = F32A3F2E2E337CB100D7BAF8 /* Build configuration list for PBXProject "essai" */;
			developmentRegion = en;
			hasScannedForEncodings = 0;
			knownRegions = (
				en,
				Base,
			);
			mainGroup = F32A3F2A2E337CB100D7BAF8;
			minimizedProjectReferenceProxies = 1;
			preferredProjectObjectVersion = 77;
			productRefGroup = F32A3F342E337CB100D7BAF8 /* Products */;
			projectDirPath = "";
			projectRoot = "";
			targets = (
				F32A3F322E337CB100D7BAF8 /* essai */,
				F32A3F3F2E337CB300D7BAF8 /* essaiTests */,
				F32A3F492E337CB300D7BAF8 /* essaiUITests */,
			);
		};
/* End PBXProject section */

/* Begin PBXResourcesBuildPhase section */
		F32A3F312E337CB100D7BAF8 /* Resources */ = {
			isa = PBXResourcesBuildPhase;
			buildActionMask = 2147483647;
			files = (
			);
			runOnlyForDeploymentPostprocessing = 0;
		};
		F32A3F3E2E337CB300D7BAF8 /* Resources */ = {
			isa = PBXResourcesBuildPhase;
			buildActionMask = 2147483647;
			files = (
			);
			runOnlyForDeploymentPostprocessing = 0;
		};
		F32A3F482E337CB300D7BAF8 /* Resources */ = {
			isa = PBXResourcesBuildPhase;
			buildActionMask = 2147483647;
			files = (
			);
			runOnlyForDeploymentPostprocessing = 0;
		};
/* End PBXResourcesBuildPhase section */

/* Begin PBXSourcesBuildPhase section */
		F32A3F2F2E337CB100D7BAF8 /* Sources */ = {
			isa = PBXSourcesBuildPhase;
			buildActionMask = 2147483647;
			files = (
			);
			runOnlyForDeploymentPostprocessing = 0;
		};
		F32A3F3C2E337CB300D7BAF8 /* Sources */ = {
			isa = PBXSourcesBuildPhase;
			buildActionMask = 2147483647;
			files = (
			);
			runOnlyForDeploymentPostprocessing = 0;
		};
		F32A3F462E337CB300D7BAF8 /* Sources */ = {
			isa = PBXSourcesBuildPhase;
			buildActionMask = 2147483647;
			files = (
			);
			runOnlyForDeploymentPostprocessing = 0;
		};
/* End PBXSourcesBuildPhase section */

/* Begin PBXTargetDependency section */
		F32A3F422E337CB300D7BAF8 /* PBXTargetDependency */ = {
			isa = PBXTargetDependency;
			target = F32A3F322E337CB100D7BAF8 /* essai */;
			targetProxy = F32A3F412E337CB300D7BAF8 /* PBXContainerItemProxy */;
		};
		F32A3F4C2E337CB300D7BAF8 /* PBXTargetDependency */ = {
			isa = PBXTargetDependency;
			target = F32A3F322E337CB100D7BAF8 /* essai */;
			targetProxy = F32A3F4B2E337CB300D7BAF8 /* PBXContainerItemProxy */;
		};
/* End PBXTargetDependency section */

/* Begin XCBuildConfiguration section */
		F32A3F522E337CB300D7BAF8 /* Debug */ = {
			isa = XCBuildConfiguration;
			buildSettings = {
				ALWAYS_SEARCH_USER_PATHS = NO;
				ASSETCATALOG_COMPILER_GENERATE_SWIFT_ASSET_SYMBOL_EXTENSIONS = YES;
				CLANG_ANALYZER_NONNULL = YES;
				CLANG_ANALYZER_NUMBER_OBJECT_CONVERSION = YES_AGGRESSIVE;
				CLANG_CXX_LANGUAGE_STANDARD = "gnu++20";
				CLANG_ENABLE_MODULES = YES;
				CLANG_ENABLE_OBJC_ARC = YES;
				CLANG_ENABLE_OBJC_WEAK = YES;
				CLANG_WARN_BLOCK_CAPTURE_AUTORELEASING = YES;
				CLANG_WARN_BOOL_CONVERSION = YES;
				CLANG_WARN_COMMA = YES;
				CLANG_WARN_CONSTANT_CONVERSION = YES;
				CLANG_WARN_DEPRECATED_OBJC_IMPLEMENTATIONS = YES;
				CLANG_WARN_DIRECT_OBJC_ISA_USAGE = YES_ERROR;
				CLANG_WARN_DOCUMENTATION_COMMENTS = YES;
				CLANG_WARN_EMPTY_BODY = YES;
				CLANG_WARN_ENUM_CONVERSION = YES;
				CLANG_WARN_INFINITE_RECURSION = YES;
				CLANG_WARN_INT_CONVERSION = YES;
				CLANG_WARN_NON_LITERAL_NULL_CONVERSION = YES;
				CLANG_WARN_OBJC_IMPLICIT_RETAIN_SELF = YES;
				CLANG_WARN_OBJC_LITERAL_CONVERSION = YES;
				CLANG_WARN_OBJC_ROOT_CLASS = YES_ERROR;
				CLANG_WARN_QUOTED_INCLUDE_IN_FRAMEWORK_HEADER = YES;
				CLANG_WARN_RANGE_LOOP_ANALYSIS = YES;
				CLANG_WARN_STRICT_PROTOTYPES = YES;
				CLANG_WARN_SUSPICIOUS_MOVE = YES;
				CLANG_WARN_UNGUARDED_AVAILABILITY = YES_AGGRESSIVE;
				CLANG_WARN_UNREACHABLE_CODE = YES;
				CLANG_WARN__DUPLICATE_METHOD_MATCH = YES;
				COPY_PHASE_STRIP = NO;
				DEBUG_INFORMATION_FORMAT = dwarf;
				ENABLE_STRICT_OBJC_MSGSEND = YES;
				ENABLE_TESTABILITY = YES;
				ENABLE_USER_SCRIPT_SANDBOXING = YES;
				GCC_C_LANGUAGE_STANDARD = gnu17;
				GCC_DYNAMIC_NO_PIC = NO;
				GCC_NO_COMMON_BLOCKS = YES;
				GCC_OPTIMIZATION_LEVEL = 0;
				GCC_PREPROCESSOR_DEFINITIONS = (
					"DEBUG=1",
					"$(inherited)",
				);
				GCC_WARN_64_TO_32_BIT_CONVERSION = YES;
				GCC_WARN_ABOUT_RETURN_TYPE = YES_ERROR;
				GCC_WARN_UNDECLARED_SELECTOR = YES;
				GCC_WARN_UNINITIALIZED_AUTOS = YES_AGGRESSIVE;
				GCC_WARN_UNUSED_FUNCTION = YES;
				GCC_WARN_UNUSED_VARIABLE = YES;
				IPHONEOS_DEPLOYMENT_TARGET = 18.5;
				LOCALIZATION_PREFERS_STRING_CATALOGS = YES;
				MTL_ENABLE_DEBUG_INFO = INCLUDE_SOURCE;
				MTL_FAST_MATH = YES;
				ONLY_ACTIVE_ARCH = YES;
				SDKROOT = iphoneos;
				SWIFT_ACTIVE_COMPILATION_CONDITIONS = "DEBUG $(inherited)";
				SWIFT_OPTIMIZATION_LEVEL = "-Onone";
			};
			name = Debug;
		};
		F32A3F532E337CB300D7BAF8 /* Release */ = {
			isa = XCBuildConfiguration;
			buildSettings = {
				ALWAYS_SEARCH_USER_PATHS = NO;
				ASSETCATALOG_COMPILER_GENERATE_SWIFT_ASSET_SYMBOL_EXTENSIONS = YES;
				CLANG_ANALYZER_NONNULL = YES;
				CLANG_ANALYZER_NUMBER_OBJECT_CONVERSION = YES_AGGRESSIVE;
				CLANG_CXX_LANGUAGE_STANDARD = "gnu++20";
				CLANG_ENABLE_MODULES = YES;
				CLANG_ENABLE_OBJC_ARC = YES;
				CLANG_ENABLE_OBJC_WEAK = YES;
				CLANG_WARN_BLOCK_CAPTURE_AUTORELEASING = YES;
				CLANG_WARN_BOOL_CONVERSION = YES;
				CLANG_WARN_COMMA = YES;
				CLANG_WARN_CONSTANT_CONVERSION = YES;
				CLANG_WARN_DEPRECATED_OBJC_IMPLEMENTATIONS = YES;
				CLANG_WARN_DIRECT_OBJC_ISA_USAGE = YES_ERROR;
				CLANG_WARN_DOCUMENTATION_COMMENTS = YES;
				CLANG_WARN_EMPTY_BODY = YES;
				CLANG_WARN_ENUM_CONVERSION = YES;
				CLANG_WARN_INFINITE_RECURSION = YES;
				CLANG_WARN_INT_CONVERSION = YES;
				CLANG_WARN_NON_LITERAL_NULL_CONVERSION = YES;
				CLANG_WARN_OBJC_IMPLICIT_RETAIN_SELF = YES;
				CLANG_WARN_OBJC_LITERAL_CONVERSION = YES;
				CLANG_WARN_OBJC_ROOT_CLASS = YES_ERROR;
				CLANG_WARN_QUOTED_INCLUDE_IN_FRAMEWORK_HEADER = YES;
				CLANG_WARN_RANGE_LOOP_ANALYSIS = YES;
				CLANG_WARN_STRICT_PROTOTYPES = YES;
				CLANG_WARN_SUSPICIOUS_MOVE = YES;
				CLANG_WARN_UNGUARDED_AVAILABILITY = YES_AGGRESSIVE;
				CLANG_WARN_UNREACHABLE_CODE = YES;
				CLANG_WARN__DUPLICATE_METHOD_MATCH = YES;
				COPY_PHASE_STRIP = NO;
				DEBUG_INFORMATION_FORMAT = "dwarf-with-dsym";
				ENABLE_NS_ASSERTIONS = NO;
				ENABLE_STRICT_OBJC_MSGSEND = YES;
				ENABLE_USER_SCRIPT_SANDBOXING = YES;
				GCC_C_LANGUAGE_STANDARD = gnu17;
				GCC_NO_COMMON_BLOCKS = YES;
				GCC_WARN_64_TO_32_BIT_CONVERSION = YES;
				GCC_WARN_ABOUT_RETURN_TYPE = YES_ERROR;
				GCC_WARN_UNDECLARED_SELECTOR = YES;
				GCC_WARN_UNINITIALIZED_AUTOS = YES_AGGRESSIVE;
				GCC_WARN_UNUSED_FUNCTION = YES;
				GCC_WARN_UNUSED_VARIABLE = YES;
				IPHONEOS_DEPLOYMENT_TARGET = 18.5;
				LOCALIZATION_PREFERS_STRING_CATALOGS = YES;
				MTL_ENABLE_DEBUG_INFO = NO;
				MTL_FAST_MATH = YES;
				SDKROOT = iphoneos;
				SWIFT_COMPILATION_MODE = wholemodule;
				VALIDATE_PRODUCT = YES;
			};
			name = Release;
		};
		F32A3F552E337CB300D7BAF8 /* Debug */ = {
			isa = XCBuildConfiguration;
			buildSettings = {
				ASSETCATALOG_COMPILER_APPICON_NAME = AppIcon;
				ASSETCATALOG_COMPILER_GLOBAL_ACCENT_COLOR_NAME = AccentColor;
				CODE_SIGN_STYLE = Automatic;
				CURRENT_PROJECT_VERSION = 1;
				ENABLE_PREVIEWS = YES;
				GENERATE_INFOPLIST_FILE = YES;
				INFOPLIST_KEY_UIApplicationSceneManifest_Generation = YES;
				INFOPLIST_KEY_UIApplicationSupportsIndirectInputEvents = YES;
				INFOPLIST_KEY_UILaunchScreen_Generation = YES;
				INFOPLIST_KEY_UISupportedInterfaceOrientations_iPad = "UIInterfaceOrientationPortrait UIInterfaceOrientationPortraitUpsideDown UIInterfaceOrientationLandscapeLeft UIInterfaceOrientationLandscapeRight";
				INFOPLIST_KEY_UISupportedInterfaceOrientations_iPhone = "UIInterfaceOrientationPortrait UIInterfaceOrientationLandscapeLeft UIInterfaceOrientationLandscapeRight";
				LD_RUNPATH_SEARCH_PATHS = (
					"$(inherited)",
					"@executable_path/Frameworks",
				);
				MARKETING_VERSION = 1.0;
				PRODUCT_BUNDLE_IDENTIFIER = com.bougaranhelena.essai;
				PRODUCT_NAME = "$(TARGET_NAME)";
				SWIFT_EMIT_LOC_STRINGS = YES;
				SWIFT_VERSION = 5.0;
				TARGETED_DEVICE_FAMILY = "1,2";
			};
			name = Debug;
		};
		F32A3F562E337CB300D7BAF8 /* Release */ = {
			isa = XCBuildConfiguration;
			buildSettings = {
				ASSETCATALOG_COMPILER_APPICON_NAME = AppIcon;
				ASSETCATALOG_COMPILER_GLOBAL_ACCENT_COLOR_NAME = AccentColor;
				CODE_SIGN_STYLE = Automatic;
				CURRENT_PROJECT_VERSION = 1;
				ENABLE_PREVIEWS = YES;
				GENERATE_INFOPLIST_FILE = YES;
				INFOPLIST_KEY_UIApplicationSceneManifest_Generation = YES;
				INFOPLIST_KEY_UIApplicationSupportsIndirectInputEvents = YES;
				INFOPLIST_KEY_UILaunchScreen_Generation = YES;
				INFOPLIST_KEY_UISupportedInterfaceOrientations_iPad = "UIInterfaceOrientationPortrait UIInterfaceOrientationPortraitUpsideDown UIInterfaceOrientationLandscapeLeft UIInterfaceOrientationLandscapeRight";
				INFOPLIST_KEY_UISupportedInterfaceOrientations_iPhone = "UIInterfaceOrientationPortrait UIInterfaceOrientationLandscapeLeft UIInterfaceOrientationLandscapeRight";
				LD_RUNPATH_SEARCH_PATHS = (
					"$(inherited)",
					"@executable_path/Frameworks",
				);
				MARKETING_VERSION = 1.0;
				PRODUCT_BUNDLE_IDENTIFIER = com.bougaranhelena.essai;
				PRODUCT_NAME = "$(TARGET_NAME)";
				SWIFT_EMIT_LOC_STRINGS = YES;
				SWIFT_VERSION = 5.0;
				TARGETED_DEVICE_FAMILY = "1,2";
			};
			name = Release;
		};
		F32A3F582E337CB300D7BAF8 /* Debug */ = {
			isa = XCBuildConfiguration;
			buildSettings = {
				BUNDLE_LOADER = "$(TEST_HOST)";
				CODE_SIGN_STYLE = Automatic;
				CURRENT_PROJECT_VERSION = 1;
				GENERATE_INFOPLIST_FILE = YES;
				IPHONEOS_DEPLOYMENT_TARGET = 18.5;
				MARKETING_VERSION = 1.0;
				PRODUCT_BUNDLE_IDENTIFIER = com.bougaranhelena.essaiTests;
				PRODUCT_NAME = "$(TARGET_NAME)";
				SWIFT_EMIT_LOC_STRINGS = NO;
				SWIFT_VERSION = 5.0;
				TARGETED_DEVICE_FAMILY = "1,2";
				TEST_HOST = "$(BUILT_PRODUCTS_DIR)/essai.app/$(BUNDLE_EXECUTABLE_FOLDER_PATH)/essai";
			};
			name = Debug;
		};
		F32A3F592E337CB300D7BAF8 /* Release */ = {
			isa = XCBuildConfiguration;
			buildSettings = {
				BUNDLE_LOADER = "$(TEST_HOST)";
				CODE_SIGN_STYLE = Automatic;
				CURRENT_PROJECT_VERSION = 1;
				GENERATE_INFOPLIST_FILE = YES;
				IPHONEOS_DEPLOYMENT_TARGET = 18.5;
				MARKETING_VERSION = 1.0;
				PRODUCT_BUNDLE_IDENTIFIER = com.bougaranhelena.essaiTests;
				PRODUCT_NAME = "$(TARGET_NAME)";
				SWIFT_EMIT_LOC_STRINGS = NO;
				SWIFT_VERSION = 5.0;
				TARGETED_DEVICE_FAMILY = "1,2";
				TEST_HOST = "$(BUILT_PRODUCTS_DIR)/essai.app/$(BUNDLE_EXECUTABLE_FOLDER_PATH)/essai";
			};
			name = Release;
		};
		F32A3F5B2E337CB300D7BAF8 /* Debug */ = {
			isa = XCBuildConfiguration;
			buildSettings = {
				CODE_SIGN_STYLE = Automatic;
				CURRENT_PROJECT_VERSION = 1;
				GENERATE_INFOPLIST_FILE = YES;
				MARKETING_VERSION = 1.0;
				PRODUCT_BUNDLE_IDENTIFIER = com.bougaranhelena.essaiUITests;
				PRODUCT_NAME = "$(TARGET_NAME)";
				SWIFT_EMIT_LOC_STRINGS = NO;
				SWIFT_VERSION = 5.0;
				TARGETED_DEVICE_FAMILY = "1,2";
				TEST_TARGET_NAME = essai;
			};
			name = Debug;
		};
		F32A3F5C2E337CB300D7BAF8 /* Release */ = {
			isa = XCBuildConfiguration;
			buildSettings = {
				CODE_SIGN_STYLE = Automatic;
				CURRENT_PROJECT_VERSION = 1;
				GENERATE_INFOPLIST_FILE = YES;
				MARKETING_VERSION = 1.0;
				PRODUCT_BUNDLE_IDENTIFIER = com.bougaranhelena.essaiUITests;
				PRODUCT_NAME = "$(TARGET_NAME)";
				SWIFT_EMIT_LOC_STRINGS = NO;
				SWIFT_VERSION = 5.0;
				TARGETED_DEVICE_FAMILY = "1,2";
				TEST_TARGET_NAME = essai;
			};
			name = Release;
		};
/* End XCBuildConfiguration section */

/* Begin XCConfigurationList section */
		F32A3F2E2E337CB100D7BAF8 /* Build configuration list for PBXProject "essai" */ = {
			isa = XCConfigurationList;
			buildConfigurations = (
				F32A3F522E337CB300D7BAF8 /* Debug */,
				F32A3F532E337CB300D7BAF8 /* Release */,
			);
			defaultConfigurationIsVisible = 0;
			defaultConfigurationName = Release;
		};
		F32A3F542E337CB300D7BAF8 /* Build configuration list for PBXNativeTarget "essai" */ = {
			isa = XCConfigurationList;
			buildConfigurations = (
				F32A3F552E337CB300D7BAF8 /* Debug */,
				F32A3F562E337CB300D7BAF8 /* Release */,
			);
			defaultConfigurationIsVisible = 0;
			defaultConfigurationName = Release;
		};
		F32A3F572E337CB300D7BAF8 /* Build configuration list for PBXNativeTarget "essaiTests" */ = {
			isa = XCConfigurationList;
			buildConfigurations = (
				F32A3F582E337CB300D7BAF8 /* Debug */,
				F32A3F592E337CB300D7BAF8 /* Release */,
			);
			defaultConfigurationIsVisible = 0;
			defaultConfigurationName = Release;
		};
		F32A3F5A2E337CB300D7BAF8 /* Build configuration list for PBXNativeTarget "essaiUITests" */ = {
			isa = XCConfigurationList;
			buildConfigurations = (
				F32A3F5B2E337CB300D7BAF8 /* Debug */,
				F32A3F5C2E337CB300D7BAF8 /* Release */,
			);
			defaultConfigurationIsVisible = 0;
			defaultConfigurationName = Release;
		};
/* End XCConfigurationList section */
	};
	rootObject = F32A3F2B2E337CB100D7BAF8 /* Project object */;
}
